
Microsoft Visual Studio Solution File, Format Version 12.00
# Visual Studio Version 17
VisualStudioVersion = 17.6.33815.320
MinimumVisualStudioVersion = 10.0.40219.1
Project("{FAE04EC0-301F-11D3-BF4B-00C04F79EFBC}") = "taskmanager", "taskmanager\taskmanager.csproj", "{A69781DE-93D2-46F7-94FC-7CB63A9B4846}"
EndProject
Global
	GlobalSection(SolutionConfigurationPlatforms) = preSolution
		Debug|Any CPU = Debug|Any CPU
		Release|Any CPU = Release|Any CPU
	EndGlobalSection
	GlobalSection(ProjectConfigurationPlatforms) = postSolution
		{A69781DE-93D2-46F7-94FC-7CB63A9B4846}.Debug|Any CPU.ActiveCfg = Debug|Any CPU
		{A69781DE-93D2-46F7-94FC-7CB63A9B4846}.Debug|Any CPU.Build.0 = Debug|Any CPU
		{A69781DE-93D2-46F7-94FC-7CB63A9B4846}.Release|Any CPU.ActiveCfg = Release|Any CPU
		{A69781DE-93D2-46F7-94FC-7CB63A9B4846}.Release|Any CPU.Build.0 = Release|Any CPU
	EndGlobalSection
	GlobalSection(SolutionProperties) = preSolution
		HideSolutionNode = FALSE
	EndGlobalSection
	GlobalSection(ExtensibilityGlobals) = postSolution
		SolutionGuid = {907AF37C-D97E-4A01-BA22-6BACE858DD1B}
	EndGlobalSection
EndGlobal
